
Microsoft Visual Studio Solution File, Format Version 12.00
# Visual Studio 15
VisualStudioVersion = 15.0.28307.572
MinimumVisualStudioVersion = 10.0.40219.1
Project("{FAE04EC0-301F-11D3-BF4B-00C04F79EFBC}") = "FluidApp", "FluidApp\FluidApp.csproj", "{07A31618-9519-449C-8A90-BFDA2B51CBD3}"
	ProjectSection(ProjectDependencies) = postProject
		{B93B2F02-9D9E-4547-9AB5-20BC14A2E1B2} = {B93B2F02-9D9E-4547-9AB5-20BC14A2E1B2}
		{21DCA86A-244F-4C77-B2A9-8E8CB7EF695C} = {21DCA86A-244F-4C77-B2A9-8E8CB7EF695C}
		{DCC701E2-5FF5-4918-8BBA-97EF5667B65A} = {DCC701E2-5FF5-4918-8BBA-97EF5667B65A}
	EndProjectSection
EndProject
Project("{FAE04EC0-301F-11D3-BF4B-00C04F79EFBC}") = "REST Api", "REST Api\REST Api.csproj", "{21DCA86A-244F-4C77-B2A9-8E8CB7EF695C}"
EndProject
Project("{FAE04EC0-301F-11D3-BF4B-00C04F79EFBC}") = "Models", "Models\Models.csproj", "{B93B2F02-9D9E-4547-9AB5-20BC14A2E1B2}"
EndProject
Project("{FAE04EC0-301F-11D3-BF4B-00C04F79EFBC}") = "FluidUnitTest", "FluidUnitTest\FluidUnitTest.csproj", "{DCC701E2-5FF5-4918-8BBA-97EF5667B65A}"
EndProject
Global
	GlobalSection(SolutionConfigurationPlatforms) = preSolution
		Debug|Any CPU = Debug|Any CPU
		Debug|ARM = Debug|ARM
		Debug|ARM64 = Debug|ARM64
		Debug|x64 = Debug|x64
		Debug|x86 = Debug|x86
		Release|Any CPU = Release|Any CPU
		Release|ARM = Release|ARM
		Release|ARM64 = Release|ARM64
		Release|x64 = Release|x64
		Release|x86 = Release|x86
	EndGlobalSection
	GlobalSection(ProjectConfigurationPlatforms) = postSolution
		{07A31618-9519-449C-8A90-BFDA2B51CBD3}.Debug|Any CPU.ActiveCfg = Debug|x86
		{07A31618-9519-449C-8A90-BFDA2B51CBD3}.Debug|Any CPU.Build.0 = Debug|x86
		{07A31618-9519-449C-8A90-BFDA2B51CBD3}.Debug|ARM.ActiveCfg = Debug|ARM
		{07A31618-9519-449C-8A90-BFDA2B51CBD3}.Debug|ARM.Build.0 = Debug|ARM
		{07A31618-9519-449C-8A90-BFDA2B51CBD3}.Debug|ARM.Deploy.0 = Debug|ARM
		{07A31618-9519-449C-8A90-BFDA2B51CBD3}.Debug|ARM64.ActiveCfg = Debug|ARM64
		{07A31618-9519-449C-8A90-BFDA2B51CBD3}.Debug|ARM64.Build.0 = Debug|ARM64
		{07A31618-9519-449C-8A90-BFDA2B51CBD3}.Debug|ARM64.Deploy.0 = Debug|ARM64
		{07A31618-9519-449C-8A90-BFDA2B51CBD3}.Debug|x64.ActiveCfg = Debug|x64
		{07A31618-9519-449C-8A90-BFDA2B51CBD3}.Debug|x64.Build.0 = Debug|x64
		{07A31618-9519-449C-8A90-BFDA2B51CBD3}.Debug|x64.Deploy.0 = Debug|x64
		{07A31618-9519-449C-8A90-BFDA2B51CBD3}.Debug|x86.ActiveCfg = Debug|x86
		{07A31618-9519-449C-8A90-BFDA2B51CBD3}.Debug|x86.Build.0 = Debug|x86
		{07A31618-9519-449C-8A90-BFDA2B51CBD3}.Debug|x86.Deploy.0 = Debug|x86
		{07A31618-9519-449C-8A90-BFDA2B51CBD3}.Release|Any CPU.ActiveCfg = Release|x86
		{07A31618-9519-449C-8A90-BFDA2B51CBD3}.Release|ARM.ActiveCfg = Release|ARM
		{07A31618-9519-449C-8A90-BFDA2B51CBD3}.Release|ARM.Build.0 = Release|ARM
		{07A31618-9519-449C-8A90-BFDA2B51CBD3}.Release|ARM.Deploy.0 = Release|ARM
		{07A31618-9519-449C-8A90-BFDA2B51CBD3}.Release|ARM64.ActiveCfg = Release|ARM64
		{07A31618-9519-449C-8A90-BFDA2B51CBD3}.Release|ARM64.Build.0 = Release|ARM64
		{07A31618-9519-449C-8A90-BFDA2B51CBD3}.Release|ARM64.Deploy.0 = Release|ARM64
		{07A31618-9519-449C-8A90-BFDA2B51CBD3}.Release|x64.ActiveCfg = Release|x64
		{07A31618-9519-449C-8A90-BFDA2B51CBD3}.Release|x64.Build.0 = Release|x64
		{07A31618-9519-449C-8A90-BFDA2B51CBD3}.Release|x64.Deploy.0 = Release|x64
		{07A31618-9519-449C-8A90-BFDA2B51CBD3}.Release|x86.ActiveCfg = Release|x86
		{07A31618-9519-449C-8A90-BFDA2B51CBD3}.Release|x86.Build.0 = Release|x86
		{07A31618-9519-449C-8A90-BFDA2B51CBD3}.Release|x86.Deploy.0 = Release|x86
		{21DCA86A-244F-4C77-B2A9-8E8CB7EF695C}.Debug|Any CPU.ActiveCfg = Debug|Any CPU
		{21DCA86A-244F-4C77-B2A9-8E8CB7EF695C}.Debug|Any CPU.Build.0 = Debug|Any CPU
		{21DCA86A-244F-4C77-B2A9-8E8CB7EF695C}.Debug|ARM.ActiveCfg = Debug|Any CPU
		{21DCA86A-244F-4C77-B2A9-8E8CB7EF695C}.Debug|ARM.Build.0 = Debug|Any CPU
		{21DCA86A-244F-4C77-B2A9-8E8CB7EF695C}.Debug|ARM64.ActiveCfg = Debug|Any CPU
		{21DCA86A-244F-4C77-B2A9-8E8CB7EF695C}.Debug|ARM64.Build.0 = Debug|Any CPU
		{21DCA86A-244F-4C77-B2A9-8E8CB7EF695C}.Debug|x64.ActiveCfg = Debug|Any CPU
		{21DCA86A-244F-4C77-B2A9-8E8CB7EF695C}.Debug|x64.Build.0 = Debug|Any CPU
		{21DCA86A-244F-4C77-B2A9-8E8CB7EF695C}.Debug|x86.ActiveCfg = Debug|Any CPU
		{21DCA86A-244F-4C77-B2A9-8E8CB7EF695C}.Debug|x86.Build.0 = Debug|Any CPU
		{21DCA86A-244F-4C77-B2A9-8E8CB7EF695C}.Release|Any CPU.ActiveCfg = Release|Any CPU
		{21DCA86A-244F-4C77-B2A9-8E8CB7EF695C}.Release|Any CPU.Build.0 = Release|Any CPU
		{21DCA86A-244F-4C77-B2A9-8E8CB7EF695C}.Release|ARM.ActiveCfg = Release|Any CPU
		{21DCA86A-244F-4C77-B2A9-8E8CB7EF695C}.Release|ARM.Build.0 = Release|Any CPU
		{21DCA86A-244F-4C77-B2A9-8E8CB7EF695C}.Release|ARM64.ActiveCfg = Release|Any CPU
		{21DCA86A-244F-4C77-B2A9-8E8CB7EF695C}.Release|ARM64.Build.0 = Release|Any CPU
		{21DCA86A-244F-4C77-B2A9-8E8CB7EF695C}.Release|x64.ActiveCfg = Release|Any CPU
		{21DCA86A-244F-4C77-B2A9-8E8CB7EF695C}.Release|x64.Build.0 = Release|Any CPU
		{21DCA86A-244F-4C77-B2A9-8E8CB7EF695C}.Release|x86.ActiveCfg = Release|Any CPU
		{21DCA86A-244F-4C77-B2A9-8E8CB7EF695C}.Release|x86.Build.0 = Release|Any CPU
		{B93B2F02-9D9E-4547-9AB5-20BC14A2E1B2}.Debug|Any CPU.ActiveCfg = Debug|Any CPU
		{B93B2F02-9D9E-4547-9AB5-20BC14A2E1B2}.Debug|Any CPU.Build.0 = Debug|Any CPU
		{B93B2F02-9D9E-4547-9AB5-20BC14A2E1B2}.Debug|ARM.ActiveCfg = Debug|Any CPU
		{B93B2F02-9D9E-4547-9AB5-20BC14A2E1B2}.Debug|ARM.Build.0 = Debug|Any CPU
		{B93B2F02-9D9E-4547-9AB5-20BC14A2E1B2}.Debug|ARM64.ActiveCfg = Debug|Any CPU
		{B93B2F02-9D9E-4547-9AB5-20BC14A2E1B2}.Debug|ARM64.Build.0 = Debug|Any CPU
		{B93B2F02-9D9E-4547-9AB5-20BC14A2E1B2}.Debug|x64.ActiveCfg = Debug|Any CPU
		{B93B2F02-9D9E-4547-9AB5-20BC14A2E1B2}.Debug|x64.Build.0 = Debug|Any CPU
		{B93B2F02-9D9E-4547-9AB5-20BC14A2E1B2}.Debug|x86.ActiveCfg = Debug|Any CPU
		{B93B2F02-9D9E-4547-9AB5-20BC14A2E1B2}.Debug|x86.Build.0 = Debug|Any CPU
		{B93B2F02-9D9E-4547-9AB5-20BC14A2E1B2}.Release|Any CPU.ActiveCfg = Release|Any CPU
		{B93B2F02-9D9E-4547-9AB5-20BC14A2E1B2}.Release|Any CPU.Build.0 = Release|Any CPU
		{B93B2F02-9D9E-4547-9AB5-20BC14A2E1B2}.Release|ARM.ActiveCfg = Release|Any CPU
		{B93B2F02-9D9E-4547-9AB5-20BC14A2E1B2}.Release|ARM.Build.0 = Release|Any CPU
		{B93B2F02-9D9E-4547-9AB5-20BC14A2E1B2}.Release|ARM64.ActiveCfg = Release|Any CPU
		{B93B2F02-9D9E-4547-9AB5-20BC14A2E1B2}.Release|ARM64.Build.0 = Release|Any CPU
		{B93B2F02-9D9E-4547-9AB5-20BC14A2E1B2}.Release|x64.ActiveCfg = Release|Any CPU
		{B93B2F02-9D9E-4547-9AB5-20BC14A2E1B2}.Release|x64.Build.0 = Release|Any CPU
		{B93B2F02-9D9E-4547-9AB5-20BC14A2E1B2}.Release|x86.ActiveCfg = Release|Any CPU
		{B93B2F02-9D9E-4547-9AB5-20BC14A2E1B2}.Release|x86.Build.0 = Release|Any CPU
		{DCC701E2-5FF5-4918-8BBA-97EF5667B65A}.Debug|Any CPU.ActiveCfg = Debug|Any CPU
		{DCC701E2-5FF5-4918-8BBA-97EF5667B65A}.Debug|Any CPU.Build.0 = Debug|Any CPU
		{DCC701E2-5FF5-4918-8BBA-97EF5667B65A}.Debug|ARM.ActiveCfg = Debug|Any CPU
		{DCC701E2-5FF5-4918-8BBA-97EF5667B65A}.Debug|ARM.Build.0 = Debug|Any CPU
		{DCC701E2-5FF5-4918-8BBA-97EF5667B65A}.Debug|ARM64.ActiveCfg = Debug|Any CPU
		{DCC701E2-5FF5-4918-8BBA-97EF5667B65A}.Debug|ARM64.Build.0 = Debug|Any CPU
		{DCC701E2-5FF5-4918-8BBA-97EF5667B65A}.Debug|x64.ActiveCfg = Debug|Any CPU
		{DCC701E2-5FF5-4918-8BBA-97EF5667B65A}.Debug|x64.Build.0 = Debug|Any CPU
		{DCC701E2-5FF5-4918-8BBA-97EF5667B65A}.Debug|x86.ActiveCfg = Debug|Any CPU
		{DCC701E2-5FF5-4918-8BBA-97EF5667B65A}.Debug|x86.Build.0 = Debug|Any CPU
		{DCC701E2-5FF5-4918-8BBA-97EF5667B65A}.Release|Any CPU.ActiveCfg = Release|Any CPU
		{DCC701E2-5FF5-4918-8BBA-97EF5667B65A}.Release|Any CPU.Build.0 = Release|Any CPU
		{DCC701E2-5FF5-4918-8BBA-97EF5667B65A}.Release|ARM.ActiveCfg = Release|Any CPU
		{DCC701E2-5FF5-4918-8BBA-97EF5667B65A}.Release|ARM.Build.0 = Release|Any CPU
		{DCC701E2-5FF5-4918-8BBA-97EF5667B65A}.Release|ARM64.ActiveCfg = Release|Any CPU
		{DCC701E2-5FF5-4918-8BBA-97EF5667B65A}.Release|ARM64.Build.0 = Release|Any CPU
		{DCC701E2-5FF5-4918-8BBA-97EF5667B65A}.Release|x64.ActiveCfg = Release|Any CPU
		{DCC701E2-5FF5-4918-8BBA-97EF5667B65A}.Release|x64.Build.0 = Release|Any CPU
		{DCC701E2-5FF5-4918-8BBA-97EF5667B65A}.Release|x86.ActiveCfg = Release|Any CPU
		{DCC701E2-5FF5-4918-8BBA-97EF5667B65A}.Release|x86.Build.0 = Release|Any CPU
	EndGlobalSection
	GlobalSection(SolutionProperties) = preSolution
		HideSolutionNode = FALSE
	EndGlobalSection
	GlobalSection(ExtensibilityGlobals) = postSolution
		SolutionGuid = {E7AC0988-6699-4E8B-8E56-9B5415CB8649}
	EndGlobalSection
EndGlobal
